
Microsoft Visual Studio Solution File, Format Version 12.00
# Visual Studio Version 17
VisualStudioVersion = 17.5.33502.453
MinimumVisualStudioVersion = 10.0.40219.1
Project("{FAE04EC0-301F-11D3-BF4B-00C04F79EFBC}") = "UniPlanner", "UniPlanner.csproj", "{DDF0C186-BDFA-42A6-80F7-529C55CEF2F4}"
EndProject
Global
	GlobalSection(SolutionConfigurationPlatforms) = preSolution
		Debug|Any CPU = Debug|Any CPU
		Release|Any CPU = Release|Any CPU
	EndGlobalSection
	GlobalSection(ProjectConfigurationPlatforms) = postSolution
		{DDF0C186-BDFA-42A6-80F7-529C55CEF2F4}.Debug|Any CPU.ActiveCfg = Debug|Any CPU
		{DDF0C186-BDFA-42A6-80F7-529C55CEF2F4}.Debug|Any CPU.Build.0 = Debug|Any CPU
		{DDF0C186-BDFA-42A6-80F7-529C55CEF2F4}.Release|Any CPU.ActiveCfg = Release|Any CPU
		{DDF0C186-BDFA-42A6-80F7-529C55CEF2F4}.Release|Any CPU.Build.0 = Release|Any CPU
	EndGlobalSection
	GlobalSection(SolutionProperties) = preSolution
		HideSolutionNode = FALSE
	EndGlobalSection
	GlobalSection(ExtensibilityGlobals) = postSolution
		SolutionGuid = {E128229E-D6BE-43F8-A0AC-B4FD38FD5FBE}
	EndGlobalSection
EndGlobal
